
Microsoft Visual Studio Solution File, Format Version 12.00
# Visual Studio 15
VisualStudioVersion = 15.0.28010.2041
MinimumVisualStudioVersion = 10.0.40219.1
Project("{FAE04EC0-301F-11D3-BF4B-00C04F79EFBC}") = "Proekt-Kursova-My2", "Proekt-Kursova-My2.csproj", "{178BBEA2-26D8-4370-BF13-11177A1B6409}"
EndProject
Global
	GlobalSection(SolutionConfigurationPlatforms) = preSolution
		Debug|Any CPU = Debug|Any CPU
		Release|Any CPU = Release|Any CPU
	EndGlobalSection
	GlobalSection(ProjectConfigurationPlatforms) = postSolution
		{178BBEA2-26D8-4370-BF13-11177A1B6409}.Debug|Any CPU.ActiveCfg = Debug|Any CPU
		{178BBEA2-26D8-4370-BF13-11177A1B6409}.Debug|Any CPU.Build.0 = Debug|Any CPU
		{178BBEA2-26D8-4370-BF13-11177A1B6409}.Release|Any CPU.ActiveCfg = Release|Any CPU
		{178BBEA2-26D8-4370-BF13-11177A1B6409}.Release|Any CPU.Build.0 = Release|Any CPU
	EndGlobalSection
	GlobalSection(SolutionProperties) = preSolution
		HideSolutionNode = FALSE
	EndGlobalSection
	GlobalSection(ExtensibilityGlobals) = postSolution
		SolutionGuid = {F7228AFB-28A2-4F6A-9E9F-7B164A6D0225}
	EndGlobalSection
EndGlobal
